
Microsoft Visual Studio Solution File, Format Version 12.00
# Visual Studio 2013
VisualStudioVersion = 12.0.30501.0
MinimumVisualStudioVersion = 10.0.40219.1
Project("{FAE04EC0-301F-11D3-BF4B-00C04F79EFBC}") = "File Cryptographer Beta", "File Cryptographer Beta\File Cryptographer Beta.csproj", "{B4A6E8EB-0702-4465-A98E-D09D0E0718E6}"
EndProject
Project("{FAE04EC0-301F-11D3-BF4B-00C04F79EFBC}") = "CryptographerCore", "CryptographerCore\CryptographerCore.csproj", "{57B96923-A59B-4AD3-BAC6-AB9721929A77}"
EndProject
Global
	GlobalSection(SolutionConfigurationPlatforms) = preSolution
		Debug|Any CPU = Debug|Any CPU
		Release|Any CPU = Release|Any CPU
	EndGlobalSection
	GlobalSection(ProjectConfigurationPlatforms) = postSolution
		{B4A6E8EB-0702-4465-A98E-D09D0E0718E6}.Debug|Any CPU.ActiveCfg = Debug|Any CPU
		{B4A6E8EB-0702-4465-A98E-D09D0E0718E6}.Debug|Any CPU.Build.0 = Debug|Any CPU
		{B4A6E8EB-0702-4465-A98E-D09D0E0718E6}.Release|Any CPU.ActiveCfg = Release|Any CPU
		{B4A6E8EB-0702-4465-A98E-D09D0E0718E6}.Release|Any CPU.Build.0 = Release|Any CPU
		{57B96923-A59B-4AD3-BAC6-AB9721929A77}.Debug|Any CPU.ActiveCfg = Debug|Any CPU
		{57B96923-A59B-4AD3-BAC6-AB9721929A77}.Debug|Any CPU.Build.0 = Debug|Any CPU
		{57B96923-A59B-4AD3-BAC6-AB9721929A77}.Release|Any CPU.ActiveCfg = Release|Any CPU
		{57B96923-A59B-4AD3-BAC6-AB9721929A77}.Release|Any CPU.Build.0 = Release|Any CPU
	EndGlobalSection
	GlobalSection(SolutionProperties) = preSolution
		HideSolutionNode = FALSE
	EndGlobalSection
EndGlobal
